
Microsoft Visual Studio Solution File, Format Version 12.00
# Visual Studio Version 16
VisualStudioVersion = 16.0.30524.135
MinimumVisualStudioVersion = 10.0.40219.1
Project("{9A19103F-16F7-4668-BE54-9A1E7A4F7556}") = "Sample", "Sample\Sample.csproj", "{09CD5F20-4FCF-4AFC-BA91-576F3F40C386}"
EndProject
Project("{FAE04EC0-301F-11D3-BF4B-00C04F79EFBC}") = "Sample.Tests", "Sample.Tests\Sample.Tests.csproj", "{C130D04A-C2D0-425D-BAB8-9D7759318AB7}"
EndProject
Global
	GlobalSection(SolutionConfigurationPlatforms) = preSolution
		Debug|Any CPU = Debug|Any CPU
		Release|Any CPU = Release|Any CPU
	EndGlobalSection
	GlobalSection(ProjectConfigurationPlatforms) = postSolution
		{09CD5F20-4FCF-4AFC-BA91-576F3F40C386}.Debug|Any CPU.ActiveCfg = Debug|Any CPU
		{09CD5F20-4FCF-4AFC-BA91-576F3F40C386}.Debug|Any CPU.Build.0 = Debug|Any CPU
		{09CD5F20-4FCF-4AFC-BA91-576F3F40C386}.Release|Any CPU.ActiveCfg = Release|Any CPU
		{09CD5F20-4FCF-4AFC-BA91-576F3F40C386}.Release|Any CPU.Build.0 = Release|Any CPU
		{C130D04A-C2D0-425D-BAB8-9D7759318AB7}.Debug|Any CPU.ActiveCfg = Debug|Any CPU
		{C130D04A-C2D0-425D-BAB8-9D7759318AB7}.Debug|Any CPU.Build.0 = Debug|Any CPU
		{C130D04A-C2D0-425D-BAB8-9D7759318AB7}.Release|Any CPU.ActiveCfg = Release|Any CPU
		{C130D04A-C2D0-425D-BAB8-9D7759318AB7}.Release|Any CPU.Build.0 = Release|Any CPU
	EndGlobalSection
	GlobalSection(SolutionProperties) = preSolution
		HideSolutionNode = FALSE
	EndGlobalSection
	GlobalSection(ExtensibilityGlobals) = postSolution
		SolutionGuid = {02FCD134-3D71-4CCE-BF4E-EDEC276957C7}
	EndGlobalSection
EndGlobal
